// !$*UTF8*$!
{
	archiveVersion = 1;
	classes = {
	};
	objectVersion = 55;
	objects = {

/* Begin PBXBuildFile section */
		7D940283BA30DE725D9EF80D /* Pods_Coding_Test_Sajib_Coding_Test_SajibUITests.framework in Frameworks */ = {isa = PBXBuildFile; fileRef = 58EB81677B109B70E4DC92D4 /* Pods_Coding_Test_Sajib_Coding_Test_SajibUITests.framework */; };
		89CEBC3394EEC5FAF4552AEC /* Pods_Coding_Test_SajibTests.framework in Frameworks */ = {isa = PBXBuildFile; fileRef = 05916EDF1DC29CFC507CD5DD /* Pods_Coding_Test_SajibTests.framework */; };
		A55FA6460CAFB94527588906 /* Pods_Coding_Test_Sajib.framework in Frameworks */ = {isa = PBXBuildFile; fileRef = E863959193209F0C62C24DD5 /* Pods_Coding_Test_Sajib.framework */; };
		CE14F58E285CAAE6004108F0 /* AppDelegate.swift in Sources */ = {isa = PBXBuildFile; fileRef = CE14F58D285CAAE6004108F0 /* AppDelegate.swift */; };
		CE14F590285CAAE6004108F0 /* SceneDelegate.swift in Sources */ = {isa = PBXBuildFile; fileRef = CE14F58F285CAAE6004108F0 /* SceneDelegate.swift */; };
		CE14F592285CAAE6004108F0 /* HomeViewController.swift in Sources */ = {isa = PBXBuildFile; fileRef = CE14F591285CAAE6004108F0 /* HomeViewController.swift */; };
		CE14F595285CAAE6004108F0 /* Main.storyboard in Resources */ = {isa = PBXBuildFile; fileRef = CE14F593285CAAE6004108F0 /* Main.storyboard */; };
		CE14F597285CAAEB004108F0 /* Assets.xcassets in Resources */ = {isa = PBXBuildFile; fileRef = CE14F596285CAAEB004108F0 /* Assets.xcassets */; };
		CE14F59A285CAAEB004108F0 /* LaunchScreen.storyboard in Resources */ = {isa = PBXBuildFile; fileRef = CE14F598285CAAEB004108F0 /* LaunchScreen.storyboard */; };
		CE14F5A5285CAAEB004108F0 /* Coding_Test_SajibTests.swift in Sources */ = {isa = PBXBuildFile; fileRef = CE14F5A4285CAAEB004108F0 /* Coding_Test_SajibTests.swift */; };
		CE14F5AF285CAAEB004108F0 /* Coding_Test_SajibUITests.swift in Sources */ = {isa = PBXBuildFile; fileRef = CE14F5AE285CAAEB004108F0 /* Coding_Test_SajibUITests.swift */; };
		CE14F5B1285CAAEB004108F0 /* Coding_Test_SajibUITestsLaunchTests.swift in Sources */ = {isa = PBXBuildFile; fileRef = CE14F5B0285CAAEB004108F0 /* Coding_Test_SajibUITestsLaunchTests.swift */; };
		CE14F5C8285CC72C004108F0 /* HomeTableViewCell.swift in Sources */ = {isa = PBXBuildFile; fileRef = CE14F5C7285CC72C004108F0 /* HomeTableViewCell.swift */; };
		CE14F5CA285CD3B2004108F0 /* Constants.swift in Sources */ = {isa = PBXBuildFile; fileRef = CE14F5C9285CD3B2004108F0 /* Constants.swift */; };
		CE14F5CE285D04BD004108F0 /* ArticlesViewModel.swift in Sources */ = {isa = PBXBuildFile; fileRef = CE14F5CD285D04BD004108F0 /* ArticlesViewModel.swift */; };
		CE14F5D0285D0958004108F0 /* ArticleListViewController.swift in Sources */ = {isa = PBXBuildFile; fileRef = CE14F5CF285D0958004108F0 /* ArticleListViewController.swift */; };
		CE14F5D4285D0AF3004108F0 /* ArticleListCell.swift in Sources */ = {isa = PBXBuildFile; fileRef = CE14F5D3285D0AF3004108F0 /* ArticleListCell.swift */; };
		CED08C24285D874D005C2923 /* RequestManger.swift in Sources */ = {isa = PBXBuildFile; fileRef = CED08C22285D874D005C2923 /* RequestManger.swift */; };
		CED08C26285D94F6005C2923 /* Configuration.swift in Sources */ = {isa = PBXBuildFile; fileRef = CED08C25285D94F6005C2923 /* Configuration.swift */; };
		CED08C29285DA3A2005C2923 /* ArticleResponseModel.swift in Sources */ = {isa = PBXBuildFile; fileRef = CED08C28285DA3A2005C2923 /* ArticleResponseModel.swift */; };
		CED08C2B285DBF0D005C2923 /* SearchViewController.swift in Sources */ = {isa = PBXBuildFile; fileRef = CED08C2A285DBF0D005C2923 /* SearchViewController.swift */; };
		CED08C2D285DD7E4005C2923 /* ArticleModel.swift in Sources */ = {isa = PBXBuildFile; fileRef = CED08C2C285DD7E4005C2923 /* ArticleModel.swift */; };
		CED08C30285DDB27005C2923 /* SearchResponseModel.swift in Sources */ = {isa = PBXBuildFile; fileRef = CED08C2F285DDB27005C2923 /* SearchResponseModel.swift */; };
/* End PBXBuildFile section */

/* Begin PBXContainerItemProxy section */
		CE14F5A1285CAAEB004108F0 /* PBXContainerItemProxy */ = {
			isa = PBXContainerItemProxy;
			containerPortal = CE14F582285CAAE6004108F0 /* Project object */;
			proxyType = 1;
			remoteGlobalIDString = CE14F589285CAAE6004108F0;
			remoteInfo = "Coding Test Sajib";
		};
		CE14F5AB285CAAEB004108F0 /* PBXContainerItemProxy */ = {
			isa = PBXContainerItemProxy;
			containerPortal = CE14F582285CAAE6004108F0 /* Project object */;
			proxyType = 1;
			remoteGlobalIDString = CE14F589285CAAE6004108F0;
			remoteInfo = "Coding Test Sajib";
		};
/* End PBXContainerItemProxy section */

/* Begin PBXFileReference section */
		05916EDF1DC29CFC507CD5DD /* Pods_Coding_Test_SajibTests.framework */ = {isa = PBXFileReference; explicitFileType = wrapper.framework; includeInIndex = 0; path = Pods_Coding_Test_SajibTests.framework; sourceTree = BUILT_PRODUCTS_DIR; };
		101C335F6919A48034081525 /* Pods-Coding Test SajibTests.debug.xcconfig */ = {isa = PBXFileReference; includeInIndex = 1; lastKnownFileType = text.xcconfig; name = "Pods-Coding Test SajibTests.debug.xcconfig"; path = "Target Support Files/Pods-Coding Test SajibTests/Pods-Coding Test SajibTests.debug.xcconfig"; sourceTree = "<group>"; };
		219C5BF768E591F5438A0AA9 /* Pods-Coding Test Sajib-Coding Test SajibUITests.debug.xcconfig */ = {isa = PBXFileReference; includeInIndex = 1; lastKnownFileType = text.xcconfig; name = "Pods-Coding Test Sajib-Coding Test SajibUITests.debug.xcconfig"; path = "Target Support Files/Pods-Coding Test Sajib-Coding Test SajibUITests/Pods-Coding Test Sajib-Coding Test SajibUITests.debug.xcconfig"; sourceTree = "<group>"; };
		58EB81677B109B70E4DC92D4 /* Pods_Coding_Test_Sajib_Coding_Test_SajibUITests.framework */ = {isa = PBXFileReference; explicitFileType = wrapper.framework; includeInIndex = 0; path = Pods_Coding_Test_Sajib_Coding_Test_SajibUITests.framework; sourceTree = BUILT_PRODUCTS_DIR; };
		5B14119D3D6304BAA11DAA5F /* Pods-Coding Test Sajib.debug.xcconfig */ = {isa = PBXFileReference; includeInIndex = 1; lastKnownFileType = text.xcconfig; name = "Pods-Coding Test Sajib.debug.xcconfig"; path = "Target Support Files/Pods-Coding Test Sajib/Pods-Coding Test Sajib.debug.xcconfig"; sourceTree = "<group>"; };
		6E39000D7B24C9EF5750F19D /* Pods-Coding Test Sajib.release.xcconfig */ = {isa = PBXFileReference; includeInIndex = 1; lastKnownFileType = text.xcconfig; name = "Pods-Coding Test Sajib.release.xcconfig"; path = "Target Support Files/Pods-Coding Test Sajib/Pods-Coding Test Sajib.release.xcconfig"; sourceTree = "<group>"; };
		B5E218A72853ADB1892623FD /* Pods-Coding Test Sajib-Coding Test SajibUITests.release.xcconfig */ = {isa = PBXFileReference; includeInIndex = 1; lastKnownFileType = text.xcconfig; name = "Pods-Coding Test Sajib-Coding Test SajibUITests.release.xcconfig"; path = "Target Support Files/Pods-Coding Test Sajib-Coding Test SajibUITests/Pods-Coding Test Sajib-Coding Test SajibUITests.release.xcconfig"; sourceTree = "<group>"; };
		C53620BCBBD0510E47238A5B /* Pods-Coding Test SajibTests.release.xcconfig */ = {isa = PBXFileReference; includeInIndex = 1; lastKnownFileType = text.xcconfig; name = "Pods-Coding Test SajibTests.release.xcconfig"; path = "Target Support Files/Pods-Coding Test SajibTests/Pods-Coding Test SajibTests.release.xcconfig"; sourceTree = "<group>"; };
		CE14F58A285CAAE6004108F0 /* Coding Test Sajib.app */ = {isa = PBXFileReference; explicitFileType = wrapper.application; includeInIndex = 0; path = "Coding Test Sajib.app"; sourceTree = BUILT_PRODUCTS_DIR; };
		CE14F58D285CAAE6004108F0 /* AppDelegate.swift */ = {isa = PBXFileReference; lastKnownFileType = sourcecode.swift; path = AppDelegate.swift; sourceTree = "<group>"; };
		CE14F58F285CAAE6004108F0 /* SceneDelegate.swift */ = {isa = PBXFileReference; lastKnownFileType = sourcecode.swift; path = SceneDelegate.swift; sourceTree = "<group>"; };
		CE14F591285CAAE6004108F0 /* HomeViewController.swift */ = {isa = PBXFileReference; lastKnownFileType = sourcecode.swift; path = HomeViewController.swift; sourceTree = "<group>"; };
		CE14F594285CAAE6004108F0 /* Base */ = {isa = PBXFileReference; lastKnownFileType = file.storyboard; name = Base; path = Base.lproj/Main.storyboard; sourceTree = "<group>"; };
		CE14F596285CAAEB004108F0 /* Assets.xcassets */ = {isa = PBXFileReference; lastKnownFileType = folder.assetcatalog; path = Assets.xcassets; sourceTree = "<group>"; };
		CE14F599285CAAEB004108F0 /* Base */ = {isa = PBXFileReference; lastKnownFileType = file.storyboard; name = Base; path = Base.lproj/LaunchScreen.storyboard; sourceTree = "<group>"; };
		CE14F59B285CAAEB004108F0 /* Info.plist */ = {isa = PBXFileReference; lastKnownFileType = text.plist.xml; path = Info.plist; sourceTree = "<group>"; };
		CE14F5A0285CAAEB004108F0 /* Coding Test SajibTests.xctest */ = {isa = PBXFileReference; explicitFileType = wrapper.cfbundle; includeInIndex = 0; path = "Coding Test SajibTests.xctest"; sourceTree = BUILT_PRODUCTS_DIR; };
		CE14F5A4285CAAEB004108F0 /* Coding_Test_SajibTests.swift */ = {isa = PBXFileReference; lastKnownFileType = sourcecode.swift; path = Coding_Test_SajibTests.swift; sourceTree = "<group>"; };
		CE14F5AA285CAAEB004108F0 /* Coding Test SajibUITests.xctest */ = {isa = PBXFileReference; explicitFileType = wrapper.cfbundle; includeInIndex = 0; path = "Coding Test SajibUITests.xctest"; sourceTree = BUILT_PRODUCTS_DIR; };
		CE14F5AE285CAAEB004108F0 /* Coding_Test_SajibUITests.swift */ = {isa = PBXFileReference; lastKnownFileType = sourcecode.swift; path = Coding_Test_SajibUITests.swift; sourceTree = "<group>"; };
		CE14F5B0285CAAEB004108F0 /* Coding_Test_SajibUITestsLaunchTests.swift */ = {isa = PBXFileReference; lastKnownFileType = sourcecode.swift; path = Coding_Test_SajibUITestsLaunchTests.swift; sourceTree = "<group>"; };
		CE14F5C7285CC72C004108F0 /* HomeTableViewCell.swift */ = {isa = PBXFileReference; lastKnownFileType = sourcecode.swift; path = HomeTableViewCell.swift; sourceTree = "<group>"; };
		CE14F5C9285CD3B2004108F0 /* Constants.swift */ = {isa = PBXFileReference; lastKnownFileType = sourcecode.swift; path = Constants.swift; sourceTree = "<group>"; };
		CE14F5CD285D04BD004108F0 /* ArticlesViewModel.swift */ = {isa = PBXFileReference; lastKnownFileType = sourcecode.swift; path = ArticlesViewModel.swift; sourceTree = "<group>"; };
		CE14F5CF285D0958004108F0 /* ArticleListViewController.swift */ = {isa = PBXFileReference; lastKnownFileType = sourcecode.swift; path = ArticleListViewController.swift; sourceTree = "<group>"; };
		CE14F5D3285D0AF3004108F0 /* ArticleListCell.swift */ = {isa = PBXFileReference; lastKnownFileType = sourcecode.swift; path = ArticleListCell.swift; sourceTree = "<group>"; };
		CED08C22285D874D005C2923 /* RequestManger.swift */ = {isa = PBXFileReference; fileEncoding = 4; lastKnownFileType = sourcecode.swift; path = RequestManger.swift; sourceTree = "<group>"; };
		CED08C25285D94F6005C2923 /* Configuration.swift */ = {isa = PBXFileReference; fileEncoding = 4; lastKnownFileType = sourcecode.swift; path = Configuration.swift; sourceTree = "<group>"; };
		CED08C28285DA3A2005C2923 /* ArticleResponseModel.swift */ = {isa = PBXFileReference; lastKnownFileType = sourcecode.swift; path = ArticleResponseModel.swift; sourceTree = "<group>"; };
		CED08C2A285DBF0D005C2923 /* SearchViewController.swift */ = {isa = PBXFileReference; lastKnownFileType = sourcecode.swift; path = SearchViewController.swift; sourceTree = "<group>"; };
		CED08C2C285DD7E4005C2923 /* ArticleModel.swift */ = {isa = PBXFileReference; lastKnownFileType = sourcecode.swift; path = ArticleModel.swift; sourceTree = "<group>"; };
		CED08C2F285DDB27005C2923 /* SearchResponseModel.swift */ = {isa = PBXFileReference; lastKnownFileType = sourcecode.swift; path = SearchResponseModel.swift; sourceTree = "<group>"; };
		E863959193209F0C62C24DD5 /* Pods_Coding_Test_Sajib.framework */ = {isa = PBXFileReference; explicitFileType = wrapper.framework; includeInIndex = 0; path = Pods_Coding_Test_Sajib.framework; sourceTree = BUILT_PRODUCTS_DIR; };
/* End PBXFileReference section */

/* Begin PBXFrameworksBuildPhase section */
		CE14F587285CAAE6004108F0 /* Frameworks */ = {
			isa = PBXFrameworksBuildPhase;
			buildActionMask = 2147483647;
			files = (
				A55FA6460CAFB94527588906 /* Pods_Coding_Test_Sajib.framework in Frameworks */,
			);
			runOnlyForDeploymentPostprocessing = 0;
		};
		CE14F59D285CAAEB004108F0 /* Frameworks */ = {
			isa = PBXFrameworksBuildPhase;
			buildActionMask = 2147483647;
			files = (
				89CEBC3394EEC5FAF4552AEC /* Pods_Coding_Test_SajibTests.framework in Frameworks */,
			);
			runOnlyForDeploymentPostprocessing = 0;
		};
		CE14F5A7285CAAEB004108F0 /* Frameworks */ = {
			isa = PBXFrameworksBuildPhase;
			buildActionMask = 2147483647;
			files = (
				7D940283BA30DE725D9EF80D /* Pods_Coding_Test_Sajib_Coding_Test_SajibUITests.framework in Frameworks */,
			);
			runOnlyForDeploymentPostprocessing = 0;
		};
/* End PBXFrameworksBuildPhase section */

/* Begin PBXGroup section */
		CE14F581285CAAE6004108F0 = {
			isa = PBXGroup;
			children = (
				CE14F58C285CAAE6004108F0 /* Coding Test Sajib */,
				CE14F5A3285CAAEB004108F0 /* Coding Test SajibTests */,
				CE14F5AD285CAAEB004108F0 /* Coding Test SajibUITests */,
				CE14F58B285CAAE6004108F0 /* Products */,
				DE6A2340CD9111F06FA0F398 /* Pods */,
				FA5EBF261E9342B25F4F450A /* Frameworks */,
			);
			sourceTree = "<group>";
		};
		CE14F58B285CAAE6004108F0 /* Products */ = {
			isa = PBXGroup;
			children = (
				CE14F58A285CAAE6004108F0 /* Coding Test Sajib.app */,
				CE14F5A0285CAAEB004108F0 /* Coding Test SajibTests.xctest */,
				CE14F5AA285CAAEB004108F0 /* Coding Test SajibUITests.xctest */,
			);
			name = Products;
			sourceTree = "<group>";
		};
		CE14F58C285CAAE6004108F0 /* Coding Test Sajib */ = {
			isa = PBXGroup;
			children = (
				CED08C20285D871E005C2923 /* network_managers */,
				CE14F5C3285CC05F004108F0 /* modules */,
				CE14F5C1285CAD83004108F0 /* utils */,
				CE14F5BF285CAD63004108F0 /* viewmodels */,
				CE14F58D285CAAE6004108F0 /* AppDelegate.swift */,
				CE14F58F285CAAE6004108F0 /* SceneDelegate.swift */,
				CE14F593285CAAE6004108F0 /* Main.storyboard */,
				CE14F596285CAAEB004108F0 /* Assets.xcassets */,
				CE14F598285CAAEB004108F0 /* LaunchScreen.storyboard */,
				CE14F59B285CAAEB004108F0 /* Info.plist */,
			);
			path = "Coding Test Sajib";
			sourceTree = "<group>";
		};
		CE14F5A3285CAAEB004108F0 /* Coding Test SajibTests */ = {
			isa = PBXGroup;
			children = (
				CE14F5A4285CAAEB004108F0 /* Coding_Test_SajibTests.swift */,
			);
			path = "Coding Test SajibTests";
			sourceTree = "<group>";
		};
		CE14F5AD285CAAEB004108F0 /* Coding Test SajibUITests */ = {
			isa = PBXGroup;
			children = (
				CE14F5AE285CAAEB004108F0 /* Coding_Test_SajibUITests.swift */,
				CE14F5B0285CAAEB004108F0 /* Coding_Test_SajibUITestsLaunchTests.swift */,
			);
			path = "Coding Test SajibUITests";
			sourceTree = "<group>";
		};
		CE14F5BF285CAD63004108F0 /* viewmodels */ = {
			isa = PBXGroup;
			children = (
				CE14F5CD285D04BD004108F0 /* ArticlesViewModel.swift */,
			);
			path = viewmodels;
			sourceTree = "<group>";
		};
		CE14F5C1285CAD83004108F0 /* utils */ = {
			isa = PBXGroup;
			children = (
				CE14F5C9285CD3B2004108F0 /* Constants.swift */,
			);
			path = utils;
			sourceTree = "<group>";
		};
		CE14F5C3285CC05F004108F0 /* modules */ = {
			isa = PBXGroup;
			children = (
				CE14F5C5285CC076004108F0 /* home */,
				CE14F5C4285CC067004108F0 /* search */,
				CE14F5D1285D0AA9004108F0 /* article_list */,
			);
			path = modules;
			sourceTree = "<group>";
		};
		CE14F5C4285CC067004108F0 /* search */ = {
			isa = PBXGroup;
			children = (
				CED08C32285DE19C005C2923 /* views */,
				CED08C2E285DDAEB005C2923 /* models */,
			);
			path = search;
			sourceTree = "<group>";
		};
		CE14F5C5285CC076004108F0 /* home */ = {
			isa = PBXGroup;
			children = (
				CE14F5C6285CC630004108F0 /* views */,
			);
			path = home;
			sourceTree = "<group>";
		};
		CE14F5C6285CC630004108F0 /* views */ = {
			isa = PBXGroup;
			children = (
				CE14F591285CAAE6004108F0 /* HomeViewController.swift */,
				CE14F5C7285CC72C004108F0 /* HomeTableViewCell.swift */,
			);
			path = views;
			sourceTree = "<group>";
		};
		CE14F5D1285D0AA9004108F0 /* article_list */ = {
			isa = PBXGroup;
			children = (
				CED08C31285DE0AA005C2923 /* views */,
				CED08C27285DA38C005C2923 /* models */,
			);
			path = article_list;
			sourceTree = "<group>";
		};
		CED08C20285D871E005C2923 /* network_managers */ = {
			isa = PBXGroup;
			children = (
				CED08C25285D94F6005C2923 /* Configuration.swift */,
				CED08C22285D874D005C2923 /* RequestManger.swift */,
			);
			path = network_managers;
			sourceTree = "<group>";
		};
		CED08C27285DA38C005C2923 /* models */ = {
			isa = PBXGroup;
			children = (
				CED08C28285DA3A2005C2923 /* ArticleResponseModel.swift */,
				CED08C2C285DD7E4005C2923 /* ArticleModel.swift */,
			);
			path = models;
			sourceTree = "<group>";
		};
		CED08C2E285DDAEB005C2923 /* models */ = {
			isa = PBXGroup;
			children = (
				CED08C2F285DDB27005C2923 /* SearchResponseModel.swift */,
			);
			path = models;
			sourceTree = "<group>";
		};
		CED08C31285DE0AA005C2923 /* views */ = {
			isa = PBXGroup;
			children = (
				CE14F5CF285D0958004108F0 /* ArticleListViewController.swift */,
				CE14F5D3285D0AF3004108F0 /* ArticleListCell.swift */,
			);
			path = views;
			sourceTree = "<group>";
		};
		CED08C32285DE19C005C2923 /* views */ = {
			isa = PBXGroup;
			children = (
				CED08C2A285DBF0D005C2923 /* SearchViewController.swift */,
			);
			path = views;
			sourceTree = "<group>";
		};
		DE6A2340CD9111F06FA0F398 /* Pods */ = {
			isa = PBXGroup;
			children = (
				5B14119D3D6304BAA11DAA5F /* Pods-Coding Test Sajib.debug.xcconfig */,
				6E39000D7B24C9EF5750F19D /* Pods-Coding Test Sajib.release.xcconfig */,
				219C5BF768E591F5438A0AA9 /* Pods-Coding Test Sajib-Coding Test SajibUITests.debug.xcconfig */,
				B5E218A72853ADB1892623FD /* Pods-Coding Test Sajib-Coding Test SajibUITests.release.xcconfig */,
				101C335F6919A48034081525 /* Pods-Coding Test SajibTests.debug.xcconfig */,
				C53620BCBBD0510E47238A5B /* Pods-Coding Test SajibTests.release.xcconfig */,
			);
			path = Pods;
			sourceTree = "<group>";
		};
		FA5EBF261E9342B25F4F450A /* Frameworks */ = {
			isa = PBXGroup;
			children = (
				E863959193209F0C62C24DD5 /* Pods_Coding_Test_Sajib.framework */,
				58EB81677B109B70E4DC92D4 /* Pods_Coding_Test_Sajib_Coding_Test_SajibUITests.framework */,
				05916EDF1DC29CFC507CD5DD /* Pods_Coding_Test_SajibTests.framework */,
			);
			name = Frameworks;
			sourceTree = "<group>";
		};
/* End PBXGroup section */

/* Begin PBXNativeTarget section */
		CE14F589285CAAE6004108F0 /* Coding Test Sajib */ = {
			isa = PBXNativeTarget;
			buildConfigurationList = CE14F5B4285CAAEB004108F0 /* Build configuration list for PBXNativeTarget "Coding Test Sajib" */;
			buildPhases = (
				E0B405CE8ABC2961F37F40F2 /* [CP] Check Pods Manifest.lock */,
				CE14F586285CAAE6004108F0 /* Sources */,
				CE14F587285CAAE6004108F0 /* Frameworks */,
				CE14F588285CAAE6004108F0 /* Resources */,
				13B62E04CC9B5B60D968DC94 /* [CP] Embed Pods Frameworks */,
			);
			buildRules = (
			);
			dependencies = (
			);
			name = "Coding Test Sajib";
			productName = "Coding Test Sajib";
			productReference = CE14F58A285CAAE6004108F0 /* Coding Test Sajib.app */;
			productType = "com.apple.product-type.application";
		};
		CE14F59F285CAAEB004108F0 /* Coding Test SajibTests */ = {
			isa = PBXNativeTarget;
			buildConfigurationList = CE14F5B7285CAAEB004108F0 /* Build configuration list for PBXNativeTarget "Coding Test SajibTests" */;
			buildPhases = (
				BF7229859338709761BB5786 /* [CP] Check Pods Manifest.lock */,
				CE14F59C285CAAEB004108F0 /* Sources */,
				CE14F59D285CAAEB004108F0 /* Frameworks */,
				CE14F59E285CAAEB004108F0 /* Resources */,
			);
			buildRules = (
			);
			dependencies = (
				CE14F5A2285CAAEB004108F0 /* PBXTargetDependency */,
			);
			name = "Coding Test SajibTests";
			productName = "Coding Test SajibTests";
			productReference = CE14F5A0285CAAEB004108F0 /* Coding Test SajibTests.xctest */;
			productType = "com.apple.product-type.bundle.unit-test";
		};
		CE14F5A9285CAAEB004108F0 /* Coding Test SajibUITests */ = {
			isa = PBXNativeTarget;
			buildConfigurationList = CE14F5BA285CAAEB004108F0 /* Build configuration list for PBXNativeTarget "Coding Test SajibUITests" */;
			buildPhases = (
				7A693131777E4F5B0D30A6EE /* [CP] Check Pods Manifest.lock */,
				CE14F5A6285CAAEB004108F0 /* Sources */,
				CE14F5A7285CAAEB004108F0 /* Frameworks */,
				CE14F5A8285CAAEB004108F0 /* Resources */,
				F582837997C309173AE5B7F5 /* [CP] Embed Pods Frameworks */,
			);
			buildRules = (
			);
			dependencies = (
				CE14F5AC285CAAEB004108F0 /* PBXTargetDependency */,
			);
			name = "Coding Test SajibUITests";
			productName = "Coding Test SajibUITests";
			productReference = CE14F5AA285CAAEB004108F0 /* Coding Test SajibUITests.xctest */;
			productType = "com.apple.product-type.bundle.ui-testing";
		};
/* End PBXNativeTarget section */

/* Begin PBXProject section */
		CE14F582285CAAE6004108F0 /* Project object */ = {
			isa = PBXProject;
			attributes = {
				BuildIndependentTargetsInParallel = 1;
				LastSwiftUpdateCheck = 1330;
				LastUpgradeCheck = 1330;
				TargetAttributes = {
					CE14F589285CAAE6004108F0 = {
						CreatedOnToolsVersion = 13.3.1;
					};
					CE14F59F285CAAEB004108F0 = {
						CreatedOnToolsVersion = 13.3.1;
						TestTargetID = CE14F589285CAAE6004108F0;
					};
					CE14F5A9285CAAEB004108F0 = {
						CreatedOnToolsVersion = 13.3.1;
						TestTargetID = CE14F589285CAAE6004108F0;
					};
				};
			};
			buildConfigurationList = CE14F585285CAAE6004108F0 /* Build configuration list for PBXProject "Coding Test Sajib" */;
			compatibilityVersion = "Xcode 13.0";
			developmentRegion = en;
			hasScannedForEncodings = 0;
			knownRegions = (
				en,
				Base,
			);
			mainGroup = CE14F581285CAAE6004108F0;
			productRefGroup = CE14F58B285CAAE6004108F0 /* Products */;
			projectDirPath = "";
			projectRoot = "";
			targets = (
				CE14F589285CAAE6004108F0 /* Coding Test Sajib */,
				CE14F59F285CAAEB004108F0 /* Coding Test SajibTests */,
				CE14F5A9285CAAEB004108F0 /* Coding Test SajibUITests */,
			);
		};
/* End PBXProject section */

/* Begin PBXResourcesBuildPhase section */
		CE14F588285CAAE6004108F0 /* Resources */ = {
			isa = PBXResourcesBuildPhase;
			buildActionMask = 2147483647;
			files = (
				CE14F59A285CAAEB004108F0 /* LaunchScreen.storyboard in Resources */,
				CE14F597285CAAEB004108F0 /* Assets.xcassets in Resources */,
				CE14F595285CAAE6004108F0 /* Main.storyboard in Resources */,
			);
			runOnlyForDeploymentPostprocessing = 0;
		};
		CE14F59E285CAAEB004108F0 /* Resources */ = {
			isa = PBXResourcesBuildPhase;
			buildActionMask = 2147483647;
			files = (
			);
			runOnlyForDeploymentPostprocessing = 0;
		};
		CE14F5A8285CAAEB004108F0 /* Resources */ = {
			isa = PBXResourcesBuildPhase;
			buildActionMask = 2147483647;
			files = (
			);
			runOnlyForDeploymentPostprocessing = 0;
		};
/* End PBXResourcesBuildPhase section */

/* Begin PBXShellScriptBuildPhase section */
		13B62E04CC9B5B60D968DC94 /* [CP] Embed Pods Frameworks */ = {
			isa = PBXShellScriptBuildPhase;
			buildActionMask = 2147483647;
			files = (
			);
			inputFileListPaths = (
				"${PODS_ROOT}/Target Support Files/Pods-Coding Test Sajib/Pods-Coding Test Sajib-frameworks-${CONFIGURATION}-input-files.xcfilelist",
			);
			name = "[CP] Embed Pods Frameworks";
			outputFileListPaths = (
				"${PODS_ROOT}/Target Support Files/Pods-Coding Test Sajib/Pods-Coding Test Sajib-frameworks-${CONFIGURATION}-output-files.xcfilelist",
			);
			runOnlyForDeploymentPostprocessing = 0;
			shellPath = /bin/sh;
			shellScript = "\"${PODS_ROOT}/Target Support Files/Pods-Coding Test Sajib/Pods-Coding Test Sajib-frameworks.sh\"\n";
			showEnvVarsInLog = 0;
		};
		7A693131777E4F5B0D30A6EE /* [CP] Check Pods Manifest.lock */ = {
			isa = PBXShellScriptBuildPhase;
			buildActionMask = 2147483647;
			files = (
			);
			inputFileListPaths = (
			);
			inputPaths = (
				"${PODS_PODFILE_DIR_PATH}/Podfile.lock",
				"${PODS_ROOT}/Manifest.lock",
			);
			name = "[CP] Check Pods Manifest.lock";
			outputFileListPaths = (
			);
			outputPaths = (
				"$(DERIVED_FILE_DIR)/Pods-Coding Test Sajib-Coding Test SajibUITests-checkManifestLockResult.txt",
			);
			runOnlyForDeploymentPostprocessing = 0;
			shellPath = /bin/sh;
			shellScript = "diff \"${PODS_PODFILE_DIR_PATH}/Podfile.lock\" \"${PODS_ROOT}/Manifest.lock\" > /dev/null\nif [ $? != 0 ] ; then\n    # print error to STDERR\n    echo \"error: The sandbox is not in sync with the Podfile.lock. Run 'pod install' or update your CocoaPods installation.\" >&2\n    exit 1\nfi\n# This output is used by Xcode 'outputs' to avoid re-running this script phase.\necho \"SUCCESS\" > \"${SCRIPT_OUTPUT_FILE_0}\"\n";
			showEnvVarsInLog = 0;
		};
		BF7229859338709761BB5786 /* [CP] Check Pods Manifest.lock */ = {
			isa = PBXShellScriptBuildPhase;
			buildActionMask = 2147483647;
			files = (
			);
			inputFileListPaths = (
			);
			inputPaths = (
				"${PODS_PODFILE_DIR_PATH}/Podfile.lock",
				"${PODS_ROOT}/Manifest.lock",
			);
			name = "[CP] Check Pods Manifest.lock";
			outputFileListPaths = (
			);
			outputPaths = (
				"$(DERIVED_FILE_DIR)/Pods-Coding Test SajibTests-checkManifestLockResult.txt",
			);
			runOnlyForDeploymentPostprocessing = 0;
			shellPath = /bin/sh;
			shellScript = "diff \"${PODS_PODFILE_DIR_PATH}/Podfile.lock\" \"${PODS_ROOT}/Manifest.lock\" > /dev/null\nif [ $? != 0 ] ; then\n    # print error to STDERR\n    echo \"error: The sandbox is not in sync with the Podfile.lock. Run 'pod install' or update your CocoaPods installation.\" >&2\n    exit 1\nfi\n# This output is used by Xcode 'outputs' to avoid re-running this script phase.\necho \"SUCCESS\" > \"${SCRIPT_OUTPUT_FILE_0}\"\n";
			showEnvVarsInLog = 0;
		};
		E0B405CE8ABC2961F37F40F2 /* [CP] Check Pods Manifest.lock */ = {
			isa = PBXShellScriptBuildPhase;
			buildActionMask = 2147483647;
			files = (
			);
			inputFileListPaths = (
			);
			inputPaths = (
				"${PODS_PODFILE_DIR_PATH}/Podfile.lock",
				"${PODS_ROOT}/Manifest.lock",
			);
			name = "[CP] Check Pods Manifest.lock";
			outputFileListPaths = (
			);
			outputPaths = (
				"$(DERIVED_FILE_DIR)/Pods-Coding Test Sajib-checkManifestLockResult.txt",
			);
			runOnlyForDeploymentPostprocessing = 0;
			shellPath = /bin/sh;
			shellScript = "diff \"${PODS_PODFILE_DIR_PATH}/Podfile.lock\" \"${PODS_ROOT}/Manifest.lock\" > /dev/null\nif [ $? != 0 ] ; then\n    # print error to STDERR\n    echo \"error: The sandbox is not in sync with the Podfile.lock. Run 'pod install' or update your CocoaPods installation.\" >&2\n    exit 1\nfi\n# This output is used by Xcode 'outputs' to avoid re-running this script phase.\necho \"SUCCESS\" > \"${SCRIPT_OUTPUT_FILE_0}\"\n";
			showEnvVarsInLog = 0;
		};
		F582837997C309173AE5B7F5 /* [CP] Embed Pods Frameworks */ = {
			isa = PBXShellScriptBuildPhase;
			buildActionMask = 2147483647;
			files = (
			);
			inputFileListPaths = (
				"${PODS_ROOT}/Target Support Files/Pods-Coding Test Sajib-Coding Test SajibUITests/Pods-Coding Test Sajib-Coding Test SajibUITests-frameworks-${CONFIGURATION}-input-files.xcfilelist",
			);
			name = "[CP] Embed Pods Frameworks";
			outputFileListPaths = (
				"${PODS_ROOT}/Target Support Files/Pods-Coding Test Sajib-Coding Test SajibUITests/Pods-Coding Test Sajib-Coding Test SajibUITests-frameworks-${CONFIGURATION}-output-files.xcfilelist",
			);
			runOnlyForDeploymentPostprocessing = 0;
			shellPath = /bin/sh;
			shellScript = "\"${PODS_ROOT}/Target Support Files/Pods-Coding Test Sajib-Coding Test SajibUITests/Pods-Coding Test Sajib-Coding Test SajibUITests-frameworks.sh\"\n";
			showEnvVarsInLog = 0;
		};
/* End PBXShellScriptBuildPhase section */

/* Begin PBXSourcesBuildPhase section */
		CE14F586285CAAE6004108F0 /* Sources */ = {
			isa = PBXSourcesBuildPhase;
			buildActionMask = 2147483647;
			files = (
				CED08C2D285DD7E4005C2923 /* ArticleModel.swift in Sources */,
				CE14F5D4285D0AF3004108F0 /* ArticleListCell.swift in Sources */,
				CE14F5CA285CD3B2004108F0 /* Constants.swift in Sources */,
				CED08C24285D874D005C2923 /* RequestManger.swift in Sources */,
				CE14F592285CAAE6004108F0 /* HomeViewController.swift in Sources */,
				CE14F58E285CAAE6004108F0 /* AppDelegate.swift in Sources */,
				CED08C29285DA3A2005C2923 /* ArticleResponseModel.swift in Sources */,
				CED08C2B285DBF0D005C2923 /* SearchViewController.swift in Sources */,
				CE14F5C8285CC72C004108F0 /* HomeTableViewCell.swift in Sources */,
				CE14F590285CAAE6004108F0 /* SceneDelegate.swift in Sources */,
				CED08C30285DDB27005C2923 /* SearchResponseModel.swift in Sources */,
				CE14F5CE285D04BD004108F0 /* ArticlesViewModel.swift in Sources */,
				CE14F5D0285D0958004108F0 /* ArticleListViewController.swift in Sources */,
				CED08C26285D94F6005C2923 /* Configuration.swift in Sources */,
			);
			runOnlyForDeploymentPostprocessing = 0;
		};
		CE14F59C285CAAEB004108F0 /* Sources */ = {
			isa = PBXSourcesBuildPhase;
			buildActionMask = 2147483647;
			files = (
				CE14F5A5285CAAEB004108F0 /* Coding_Test_SajibTests.swift in Sources */,
			);
			runOnlyForDeploymentPostprocessing = 0;
		};
		CE14F5A6285CAAEB004108F0 /* Sources */ = {
			isa = PBXSourcesBuildPhase;
			buildActionMask = 2147483647;
			files = (
				CE14F5B1285CAAEB004108F0 /* Coding_Test_SajibUITestsLaunchTests.swift in Sources */,
				CE14F5AF285CAAEB004108F0 /* Coding_Test_SajibUITests.swift in Sources */,
			);
			runOnlyForDeploymentPostprocessing = 0;
		};
/* End PBXSourcesBuildPhase section */

/* Begin PBXTargetDependency section */
		CE14F5A2285CAAEB004108F0 /* PBXTargetDependency */ = {
			isa = PBXTargetDependency;
			target = CE14F589285CAAE6004108F0 /* Coding Test Sajib */;
			targetProxy = CE14F5A1285CAAEB004108F0 /* PBXContainerItemProxy */;
		};
		CE14F5AC285CAAEB004108F0 /* PBXTargetDependency */ = {
			isa = PBXTargetDependency;
			target = CE14F589285CAAE6004108F0 /* Coding Test Sajib */;
			targetProxy = CE14F5AB285CAAEB004108F0 /* PBXContainerItemProxy */;
		};
/* End PBXTargetDependency section */

/* Begin PBXVariantGroup section */
		CE14F593285CAAE6004108F0 /* Main.storyboard */ = {
			isa = PBXVariantGroup;
			children = (
				CE14F594285CAAE6004108F0 /* Base */,
			);
			name = Main.storyboard;
			sourceTree = "<group>";
		};
		CE14F598285CAAEB004108F0 /* LaunchScreen.storyboard */ = {
			isa = PBXVariantGroup;
			children = (
				CE14F599285CAAEB004108F0 /* Base */,
			);
			name = LaunchScreen.storyboard;
			sourceTree = "<group>";
		};
/* End PBXVariantGroup section */

/* Begin XCBuildConfiguration section */
		CE14F5B2285CAAEB004108F0 /* Debug */ = {
			isa = XCBuildConfiguration;
			buildSettings = {
				ALWAYS_SEARCH_USER_PATHS = NO;
				CLANG_ANALYZER_NONNULL = YES;
				CLANG_ANALYZER_NUMBER_OBJECT_CONVERSION = YES_AGGRESSIVE;
				CLANG_CXX_LANGUAGE_STANDARD = "gnu++17";
				CLANG_ENABLE_MODULES = YES;
				CLANG_ENABLE_OBJC_ARC = YES;
				CLANG_ENABLE_OBJC_WEAK = YES;
				CLANG_WARN_BLOCK_CAPTURE_AUTORELEASING = YES;
				CLANG_WARN_BOOL_CONVERSION = YES;
				CLANG_WARN_COMMA = YES;
				CLANG_WARN_CONSTANT_CONVERSION = YES;
				CLANG_WARN_DEPRECATED_OBJC_IMPLEMENTATIONS = YES;
				CLANG_WARN_DIRECT_OBJC_ISA_USAGE = YES_ERROR;
				CLANG_WARN_DOCUMENTATION_COMMENTS = YES;
				CLANG_WARN_EMPTY_BODY = YES;
				CLANG_WARN_ENUM_CONVERSION = YES;
				CLANG_WARN_INFINITE_RECURSION = YES;
				CLANG_WARN_INT_CONVERSION = YES;
				CLANG_WARN_NON_LITERAL_NULL_CONVERSION = YES;
				CLANG_WARN_OBJC_IMPLICIT_RETAIN_SELF = YES;
				CLANG_WARN_OBJC_LITERAL_CONVERSION = YES;
				CLANG_WARN_OBJC_ROOT_CLASS = YES_ERROR;
				CLANG_WARN_QUOTED_INCLUDE_IN_FRAMEWORK_HEADER = YES;
				CLANG_WARN_RANGE_LOOP_ANALYSIS = YES;
				CLANG_WARN_STRICT_PROTOTYPES = YES;
				CLANG_WARN_SUSPICIOUS_MOVE = YES;
				CLANG_WARN_UNGUARDED_AVAILABILITY = YES_AGGRESSIVE;
				CLANG_WARN_UNREACHABLE_CODE = YES;
				CLANG_WARN__DUPLICATE_METHOD_MATCH = YES;
				COPY_PHASE_STRIP = NO;
				DEBUG_INFORMATION_FORMAT = dwarf;
				ENABLE_STRICT_OBJC_MSGSEND = YES;
				ENABLE_TESTABILITY = YES;
				GCC_C_LANGUAGE_STANDARD = gnu11;
				GCC_DYNAMIC_NO_PIC = NO;
				GCC_NO_COMMON_BLOCKS = YES;
				GCC_OPTIMIZATION_LEVEL = 0;
				GCC_PREPROCESSOR_DEFINITIONS = (
					"DEBUG=1",
					"$(inherited)",
				);
				GCC_WARN_64_TO_32_BIT_CONVERSION = YES;
				GCC_WARN_ABOUT_RETURN_TYPE = YES_ERROR;
				GCC_WARN_UNDECLARED_SELECTOR = YES;
				GCC_WARN_UNINITIALIZED_AUTOS = YES_AGGRESSIVE;
				GCC_WARN_UNUSED_FUNCTION = YES;
				GCC_WARN_UNUSED_VARIABLE = YES;
				IPHONEOS_DEPLOYMENT_TARGET = 15.4;
				MTL_ENABLE_DEBUG_INFO = INCLUDE_SOURCE;
				MTL_FAST_MATH = YES;
				ONLY_ACTIVE_ARCH = YES;
				SDKROOT = iphoneos;
				SWIFT_ACTIVE_COMPILATION_CONDITIONS = DEBUG;
				SWIFT_OPTIMIZATION_LEVEL = "-Onone";
			};
			name = Debug;
		};
		CE14F5B3285CAAEB004108F0 /* Release */ = {
			isa = XCBuildConfiguration;
			buildSettings = {
				ALWAYS_SEARCH_USER_PATHS = NO;
				CLANG_ANALYZER_NONNULL = YES;
				CLANG_ANALYZER_NUMBER_OBJECT_CONVERSION = YES_AGGRESSIVE;
				CLANG_CXX_LANGUAGE_STANDARD = "gnu++17";
				CLANG_ENABLE_MODULES = YES;
				CLANG_ENABLE_OBJC_ARC = YES;
				CLANG_ENABLE_OBJC_WEAK = YES;
				CLANG_WARN_BLOCK_CAPTURE_AUTORELEASING = YES;
				CLANG_WARN_BOOL_CONVERSION = YES;
				CLANG_WARN_COMMA = YES;
				CLANG_WARN_CONSTANT_CONVERSION = YES;
				CLANG_WARN_DEPRECATED_OBJC_IMPLEMENTATIONS = YES;
				CLANG_WARN_DIRECT_OBJC_ISA_USAGE = YES_ERROR;
				CLANG_WARN_DOCUMENTATION_COMMENTS = YES;
				CLANG_WARN_EMPTY_BODY = YES;
				CLANG_WARN_ENUM_CONVERSION = YES;
				CLANG_WARN_INFINITE_RECURSION = YES;
				CLANG_WARN_INT_CONVERSION = YES;
				CLANG_WARN_NON_LITERAL_NULL_CONVERSION = YES;
				CLANG_WARN_OBJC_IMPLICIT_RETAIN_SELF = YES;
				CLANG_WARN_OBJC_LITERAL_CONVERSION = YES;
				CLANG_WARN_OBJC_ROOT_CLASS = YES_ERROR;
				CLANG_WARN_QUOTED_INCLUDE_IN_FRAMEWORK_HEADER = YES;
				CLANG_WARN_RANGE_LOOP_ANALYSIS = YES;
				CLANG_WARN_STRICT_PROTOTYPES = YES;
				CLANG_WARN_SUSPICIOUS_MOVE = YES;
				CLANG_WARN_UNGUARDED_AVAILABILITY = YES_AGGRESSIVE;
				CLANG_WARN_UNREACHABLE_CODE = YES;
				CLANG_WARN__DUPLICATE_METHOD_MATCH = YES;
				COPY_PHASE_STRIP = NO;
				DEBUG_INFORMATION_FORMAT = "dwarf-with-dsym";
				ENABLE_NS_ASSERTIONS = NO;
				ENABLE_STRICT_OBJC_MSGSEND = YES;
				GCC_C_LANGUAGE_STANDARD = gnu11;
				GCC_NO_COMMON_BLOCKS = YES;
				GCC_WARN_64_TO_32_BIT_CONVERSION = YES;
				GCC_WARN_ABOUT_RETURN_TYPE = YES_ERROR;
				GCC_WARN_UNDECLARED_SELECTOR = YES;
				GCC_WARN_UNINITIALIZED_AUTOS = YES_AGGRESSIVE;
				GCC_WARN_UNUSED_FUNCTION = YES;
				GCC_WARN_UNUSED_VARIABLE = YES;
				IPHONEOS_DEPLOYMENT_TARGET = 15.4;
				MTL_ENABLE_DEBUG_INFO = NO;
				MTL_FAST_MATH = YES;
				SDKROOT = iphoneos;
				SWIFT_COMPILATION_MODE = wholemodule;
				SWIFT_OPTIMIZATION_LEVEL = "-O";
				VALIDATE_PRODUCT = YES;
			};
			name = Release;
		};
		CE14F5B5285CAAEB004108F0 /* Debug */ = {
			isa = XCBuildConfiguration;
			baseConfigurationReference = 5B14119D3D6304BAA11DAA5F /* Pods-Coding Test Sajib.debug.xcconfig */;
			buildSettings = {
				ASSETCATALOG_COMPILER_APPICON_NAME = AppIcon;
				ASSETCATALOG_COMPILER_GLOBAL_ACCENT_COLOR_NAME = AccentColor;
				CODE_SIGN_STYLE = Automatic;
				CURRENT_PROJECT_VERSION = 1;
				DEVELOPMENT_TEAM = 4Q7FFJ2FN8;
				GENERATE_INFOPLIST_FILE = YES;
				INFOPLIST_FILE = "Coding Test Sajib/Info.plist";
				INFOPLIST_KEY_UIApplicationSupportsIndirectInputEvents = YES;
				INFOPLIST_KEY_UILaunchStoryboardName = LaunchScreen;
				INFOPLIST_KEY_UIMainStoryboardFile = Main;
				INFOPLIST_KEY_UISupportedInterfaceOrientations_iPad = "UIInterfaceOrientationPortrait UIInterfaceOrientationPortraitUpsideDown UIInterfaceOrientationLandscapeLeft UIInterfaceOrientationLandscapeRight";
				INFOPLIST_KEY_UISupportedInterfaceOrientations_iPhone = "UIInterfaceOrientationPortrait UIInterfaceOrientationLandscapeLeft UIInterfaceOrientationLandscapeRight";
				LD_RUNPATH_SEARCH_PATHS = (
					"$(inherited)",
					"@executable_path/Frameworks",
				);
				MARKETING_VERSION = 1.0;
				PRODUCT_BUNDLE_IDENTIFIER = "com.sajib.Coding-Test-Sajib";
				PRODUCT_NAME = "$(TARGET_NAME)";
				SWIFT_EMIT_LOC_STRINGS = YES;
				SWIFT_VERSION = 5.0;
				TARGETED_DEVICE_FAMILY = "1,2";
			};
			name = Debug;
		};
		CE14F5B6285CAAEB004108F0 /* Release */ = {
			isa = XCBuildConfiguration;
			baseConfigurationReference = 6E39000D7B24C9EF5750F19D /* Pods-Coding Test Sajib.release.xcconfig */;
			buildSettings = {
				ASSETCATALOG_COMPILER_APPICON_NAME = AppIcon;
				ASSETCATALOG_COMPILER_GLOBAL_ACCENT_COLOR_NAME = AccentColor;
				CODE_SIGN_STYLE = Automatic;
				CURRENT_PROJECT_VERSION = 1;
				DEVELOPMENT_TEAM = 4Q7FFJ2FN8;
				GENERATE_INFOPLIST_FILE = YES;
				INFOPLIST_FILE = "Coding Test Sajib/Info.plist";
				INFOPLIST_KEY_UIApplicationSupportsIndirectInputEvents = YES;
				INFOPLIST_KEY_UILaunchStoryboardName = LaunchScreen;
				INFOPLIST_KEY_UIMainStoryboardFile = Main;
				INFOPLIST_KEY_UISupportedInterfaceOrientations_iPad = "UIInterfaceOrientationPortrait UIInterfaceOrientationPortraitUpsideDown UIInterfaceOrientationLandscapeLeft UIInterfaceOrientationLandscapeRight";
				INFOPLIST_KEY_UISupportedInterfaceOrientations_iPhone = "UIInterfaceOrientationPortrait UIInterfaceOrientationLandscapeLeft UIInterfaceOrientationLandscapeRight";
				LD_RUNPATH_SEARCH_PATHS = (
					"$(inherited)",
					"@executable_path/Frameworks",
				);
				MARKETING_VERSION = 1.0;
				PRODUCT_BUNDLE_IDENTIFIER = "com.sajib.Coding-Test-Sajib";
				PRODUCT_NAME = "$(TARGET_NAME)";
				SWIFT_EMIT_LOC_STRINGS = YES;
				SWIFT_VERSION = 5.0;
				TARGETED_DEVICE_FAMILY = "1,2";
			};
			name = Release;
		};
		CE14F5B8285CAAEB004108F0 /* Debug */ = {
			isa = XCBuildConfiguration;
			baseConfigurationReference = 101C335F6919A48034081525 /* Pods-Coding Test SajibTests.debug.xcconfig */;
			buildSettings = {
				ALWAYS_EMBED_SWIFT_STANDARD_LIBRARIES = YES;
				BUNDLE_LOADER = "$(TEST_HOST)";
				CODE_SIGN_STYLE = Automatic;
				CURRENT_PROJECT_VERSION = 1;
				DEVELOPMENT_TEAM = 4Q7FFJ2FN8;
				GENERATE_INFOPLIST_FILE = YES;
				IPHONEOS_DEPLOYMENT_TARGET = 15.4;
				MARKETING_VERSION = 1.0;
				PRODUCT_BUNDLE_IDENTIFIER = "com.sajib.Coding-Test-SajibTests";
				PRODUCT_NAME = "$(TARGET_NAME)";
				SWIFT_EMIT_LOC_STRINGS = NO;
				SWIFT_VERSION = 5.0;
				TARGETED_DEVICE_FAMILY = "1,2";
				TEST_HOST = "$(BUILT_PRODUCTS_DIR)/Coding Test Sajib.app/Coding Test Sajib";
			};
			name = Debug;
		};
		CE14F5B9285CAAEB004108F0 /* Release */ = {
			isa = XCBuildConfiguration;
			baseConfigurationReference = C53620BCBBD0510E47238A5B /* Pods-Coding Test SajibTests.release.xcconfig */;
			buildSettings = {
				ALWAYS_EMBED_SWIFT_STANDARD_LIBRARIES = YES;
				BUNDLE_LOADER = "$(TEST_HOST)";
				CODE_SIGN_STYLE = Automatic;
				CURRENT_PROJECT_VERSION = 1;
				DEVELOPMENT_TEAM = 4Q7FFJ2FN8;
				GENERATE_INFOPLIST_FILE = YES;
				IPHONEOS_DEPLOYMENT_TARGET = 15.4;
				MARKETING_VERSION = 1.0;
				PRODUCT_BUNDLE_IDENTIFIER = "com.sajib.Coding-Test-SajibTests";
				PRODUCT_NAME = "$(TARGET_NAME)";
				SWIFT_EMIT_LOC_STRINGS = NO;
				SWIFT_VERSION = 5.0;
				TARGETED_DEVICE_FAMILY = "1,2";
				TEST_HOST = "$(BUILT_PRODUCTS_DIR)/Coding Test Sajib.app/Coding Test Sajib";
			};
			name = Release;
		};
		CE14F5BB285CAAEB004108F0 /* Debug */ = {
			isa = XCBuildConfiguration;
			baseConfigurationReference = 219C5BF768E591F5438A0AA9 /* Pods-Coding Test Sajib-Coding Test SajibUITests.debug.xcconfig */;
			buildSettings = {
				ALWAYS_EMBED_SWIFT_STANDARD_LIBRARIES = YES;
				CODE_SIGN_STYLE = Automatic;
				CURRENT_PROJECT_VERSION = 1;
				DEVELOPMENT_TEAM = 4Q7FFJ2FN8;
				GENERATE_INFOPLIST_FILE = YES;
				MARKETING_VERSION = 1.0;
				PRODUCT_BUNDLE_IDENTIFIER = "com.sajib.Coding-Test-SajibUITests";
				PRODUCT_NAME = "$(TARGET_NAME)";
				SWIFT_EMIT_LOC_STRINGS = NO;
				SWIFT_VERSION = 5.0;
				TARGETED_DEVICE_FAMILY = "1,2";
				TEST_TARGET_NAME = "Coding Test Sajib";
			};
			name = Debug;
		};
		CE14F5BC285CAAEB004108F0 /* Release */ = {
			isa = XCBuildConfiguration;
			baseConfigurationReference = B5E218A72853ADB1892623FD /* Pods-Coding Test Sajib-Coding Test SajibUITests.release.xcconfig */;
			buildSettings = {
				ALWAYS_EMBED_SWIFT_STANDARD_LIBRARIES = YES;
				CODE_SIGN_STYLE = Automatic;
				CURRENT_PROJECT_VERSION = 1;
				DEVELOPMENT_TEAM = 4Q7FFJ2FN8;
				GENERATE_INFOPLIST_FILE = YES;
				MARKETING_VERSION = 1.0;
				PRODUCT_BUNDLE_IDENTIFIER = "com.sajib.Coding-Test-SajibUITests";
				PRODUCT_NAME = "$(TARGET_NAME)";
				SWIFT_EMIT_LOC_STRINGS = NO;
				SWIFT_VERSION = 5.0;
				TARGETED_DEVICE_FAMILY = "1,2";
				TEST_TARGET_NAME = "Coding Test Sajib";
			};
			name = Release;
		};
/* End XCBuildConfiguration section */

/* Begin XCConfigurationList section */
		CE14F585285CAAE6004108F0 /* Build configuration list for PBXProject "Coding Test Sajib" */ = {
			isa = XCConfigurationList;
			buildConfigurations = (
				CE14F5B2285CAAEB004108F0 /* Debug */,
				CE14F5B3285CAAEB004108F0 /* Release */,
			);
			defaultConfigurationIsVisible = 0;
			defaultConfigurationName = Release;
		};
		CE14F5B4285CAAEB004108F0 /* Build configuration list for PBXNativeTarget "Coding Test Sajib" */ = {
			isa = XCConfigurationList;
			buildConfigurations = (
				CE14F5B5285CAAEB004108F0 /* Debug */,
				CE14F5B6285CAAEB004108F0 /* Release */,
			);
			defaultConfigurationIsVisible = 0;
			defaultConfigurationName = Release;
		};
		CE14F5B7285CAAEB004108F0 /* Build configuration list for PBXNativeTarget "Coding Test SajibTests" */ = {
			isa = XCConfigurationList;
			buildConfigurations = (
				CE14F5B8285CAAEB004108F0 /* Debug */,
				CE14F5B9285CAAEB004108F0 /* Release */,
			);
			defaultConfigurationIsVisible = 0;
			defaultConfigurationName = Release;
		};
		CE14F5BA285CAAEB004108F0 /* Build configuration list for PBXNativeTarget "Coding Test SajibUITests" */ = {
			isa = XCConfigurationList;
			buildConfigurations = (
				CE14F5BB285CAAEB004108F0 /* Debug */,
				CE14F5BC285CAAEB004108F0 /* Release */,
			);
			defaultConfigurationIsVisible = 0;
			defaultConfigurationName = Release;
		};
/* End XCConfigurationList section */
	};
	rootObject = CE14F582285CAAE6004108F0 /* Project object */;
}
